{
  "name": "girls",
  "lockfileVersion": 3,
  "requires": true,
  "packages": {
    "": {
      "dependencies": {
        "swiper": "^11.1.1",
        "swiper.js": "^1.0.0",
        "typed.js": "^2.1.0"
      }
    },
    "node_modules/jquery": {
      "version": "2.2.4",
      "resolved": "https://registry.npmjs.org/jquery/-/jquery-2.2.4.tgz",
      "integrity": "sha512-lBHj60ezci2u1v2FqnZIraShGgEXq35qCzMv4lITyHGppTnA13rwR0MgwyNJh9TnDs3aXUvd1xjAotfraMHX/Q=="
    },
    "node_modules/swiper": {
      "version": "11.1.1",
      "resolved": "https://registry.npmjs.org/swiper/-/swiper-11.1.1.tgz",
      "integrity": "sha512-jGmEA/fNz1lACIcY4/40ggm1Gcyv+EUivmgV/Jd2WFPsEJhbWXnRAwzZR8OPjkBLtDxmzcoYG/iiAMWfRs0YKQ==",
      "funding": [
        {
          "type": "patreon",
          "url": "https://www.patreon.com/swiperjs"
        },
        {
          "type": "open_collective",
          "url": "http://opencollective.com/swiper"
        }
      ],
      "engines": {
        "node": ">= 4.7.0"
      }
    },
    "node_modules/swiper.js": {
      "version": "1.0.0",
      "resolved": "https://registry.npmjs.org/swiper.js/-/swiper.js-1.0.0.tgz",
      "integrity": "sha512-Ze1W3YndqZIXiZ84yud7u3h2bzXx2fDNJHjNAq0guqijx2UlqMVdLBPlz+lFK7fad7bd16Osllj+ssiplr82RQ==",
      "dependencies": {
        "jquery": "^2.2.1"
      }
    },
    "node_modules/typed.js": {
      "version": "2.1.0",
      "resolved": "https://registry.npmjs.org/typed.js/-/typed.js-2.1.0.tgz",
      "integrity": "sha512-bDuXEf7YcaKN4g08NMTUM6G90XU25CK3bh6U0THC/Mod/QPKlEt9g/EjvbYB8x2Qwr2p6J6I3NrsoYaVnY6wsQ=="
    }
  }
}
